
Microsoft Visual Studio Solution File, Format Version 12.00
# Visual Studio Version 16
VisualStudioVersion = 16.0.810.11
MinimumVisualStudioVersion = 10.0.40219.1
Project("{FAE04EC0-301F-11D3-BF4B-00C04F79EFBC}") = "MasonVeteransMemorial.iOS", "MasonVeteransMemorial.iOS.csproj", "{7B03344A-A48F-43EC-98A5-98F1E43B4A27}"
EndProject
Global
	GlobalSection(SolutionConfigurationPlatforms) = preSolution
		Debug|iPhoneSimulator = Debug|iPhoneSimulator
		Release|iPhone = Release|iPhone
		Release|iPhoneSimulator = Release|iPhoneSimulator
		Debug|iPhone = Debug|iPhone
	EndGlobalSection
	GlobalSection(ProjectConfigurationPlatforms) = postSolution
		{7B03344A-A48F-43EC-98A5-98F1E43B4A27}.Debug|iPhoneSimulator.ActiveCfg = Debug|iPhoneSimulator
		{7B03344A-A48F-43EC-98A5-98F1E43B4A27}.Debug|iPhoneSimulator.Build.0 = Debug|iPhoneSimulator
		{7B03344A-A48F-43EC-98A5-98F1E43B4A27}.Release|iPhone.ActiveCfg = Release|iPhone
		{7B03344A-A48F-43EC-98A5-98F1E43B4A27}.Release|iPhone.Build.0 = Release|iPhone
		{7B03344A-A48F-43EC-98A5-98F1E43B4A27}.Release|iPhoneSimulator.ActiveCfg = Release|iPhoneSimulator
		{7B03344A-A48F-43EC-98A5-98F1E43B4A27}.Release|iPhoneSimulator.Build.0 = Release|iPhoneSimulator
		{7B03344A-A48F-43EC-98A5-98F1E43B4A27}.Debug|iPhone.ActiveCfg = Debug|iPhone
		{7B03344A-A48F-43EC-98A5-98F1E43B4A27}.Debug|iPhone.Build.0 = Debug|iPhone
	EndGlobalSection
	GlobalSection(SolutionProperties) = preSolution
		HideSolutionNode = FALSE
	EndGlobalSection
	GlobalSection(ExtensibilityGlobals) = postSolution
		SolutionGuid = {7BB066D3-1110-4F92-AFEA-EC5F261176DB}
	EndGlobalSection
EndGlobal
